
Microsoft Visual Studio Solution File, Format Version 12.00
# Visual Studio Version 16
VisualStudioVersion = 16.0.29409.12
MinimumVisualStudioVersion = 10.0.40219.1
Project("{FAE04EC0-301F-11D3-BF4B-00C04F79EFBC}") = "PVenta.DAL", "PVenta.DAL\PVenta.DAL.csproj", "{F73F605F-1259-4BCA-855E-90EF26A048E0}"
EndProject
Project("{FAE04EC0-301F-11D3-BF4B-00C04F79EFBC}") = "PVenta.Models", "PVenta.Models\PVenta.Models.csproj", "{10978844-8424-4D24-B557-C5D4510AB2D2}"
EndProject
Project("{FAE04EC0-301F-11D3-BF4B-00C04F79EFBC}") = "PVenta.Services", "PVenta.Services\PVenta.Services.csproj", "{C9A3C52F-8562-4E98-9D8F-05A2EB5742EE}"
EndProject
Project("{FAE04EC0-301F-11D3-BF4B-00C04F79EFBC}") = "PVenta.WebApi", "PVenta.WebApi\PVenta.WebApi.csproj", "{F6EAA069-E3B1-42A1-95C2-76D25DE3996B}"
EndProject
Project("{FAE04EC0-301F-11D3-BF4B-00C04F79EFBC}") = "PVenta.Utility", "PVenta.Utility\PVenta.Utility.csproj", "{9C6371DE-5959-4155-AA39-B3170CAF2AE0}"
EndProject
Global
	GlobalSection(SolutionConfigurationPlatforms) = preSolution
		Debug|Any CPU = Debug|Any CPU
		Release|Any CPU = Release|Any CPU
	EndGlobalSection
	GlobalSection(ProjectConfigurationPlatforms) = postSolution
		{F73F605F-1259-4BCA-855E-90EF26A048E0}.Debug|Any CPU.ActiveCfg = Debug|Any CPU
		{F73F605F-1259-4BCA-855E-90EF26A048E0}.Debug|Any CPU.Build.0 = Debug|Any CPU
		{F73F605F-1259-4BCA-855E-90EF26A048E0}.Release|Any CPU.ActiveCfg = Release|Any CPU
		{F73F605F-1259-4BCA-855E-90EF26A048E0}.Release|Any CPU.Build.0 = Release|Any CPU
		{10978844-8424-4D24-B557-C5D4510AB2D2}.Debug|Any CPU.ActiveCfg = Debug|Any CPU
		{10978844-8424-4D24-B557-C5D4510AB2D2}.Debug|Any CPU.Build.0 = Debug|Any CPU
		{10978844-8424-4D24-B557-C5D4510AB2D2}.Release|Any CPU.ActiveCfg = Release|Any CPU
		{10978844-8424-4D24-B557-C5D4510AB2D2}.Release|Any CPU.Build.0 = Release|Any CPU
		{C9A3C52F-8562-4E98-9D8F-05A2EB5742EE}.Debug|Any CPU.ActiveCfg = Debug|Any CPU
		{C9A3C52F-8562-4E98-9D8F-05A2EB5742EE}.Debug|Any CPU.Build.0 = Debug|Any CPU
		{C9A3C52F-8562-4E98-9D8F-05A2EB5742EE}.Release|Any CPU.ActiveCfg = Release|Any CPU
		{C9A3C52F-8562-4E98-9D8F-05A2EB5742EE}.Release|Any CPU.Build.0 = Release|Any CPU
		{F6EAA069-E3B1-42A1-95C2-76D25DE3996B}.Debug|Any CPU.ActiveCfg = Debug|Any CPU
		{F6EAA069-E3B1-42A1-95C2-76D25DE3996B}.Debug|Any CPU.Build.0 = Debug|Any CPU
		{F6EAA069-E3B1-42A1-95C2-76D25DE3996B}.Release|Any CPU.ActiveCfg = Release|Any CPU
		{F6EAA069-E3B1-42A1-95C2-76D25DE3996B}.Release|Any CPU.Build.0 = Release|Any CPU
		{9C6371DE-5959-4155-AA39-B3170CAF2AE0}.Debug|Any CPU.ActiveCfg = Debug|Any CPU
		{9C6371DE-5959-4155-AA39-B3170CAF2AE0}.Debug|Any CPU.Build.0 = Debug|Any CPU
		{9C6371DE-5959-4155-AA39-B3170CAF2AE0}.Release|Any CPU.ActiveCfg = Release|Any CPU
		{9C6371DE-5959-4155-AA39-B3170CAF2AE0}.Release|Any CPU.Build.0 = Release|Any CPU
	EndGlobalSection
	GlobalSection(SolutionProperties) = preSolution
		HideSolutionNode = FALSE
	EndGlobalSection
	GlobalSection(ExtensibilityGlobals) = postSolution
		SolutionGuid = {C1FC9D32-6299-4F54-BAFB-A16F4086B372}
	EndGlobalSection
EndGlobal
